// !$*UTF8*$!
{
	archiveVersion = 1;
	classes = {
	};
	objectVersion = 50;
	objects = {

/* Begin PBXBuildFile section */
		8905D6B521BE3B55004BF7CE /* AppDelegate.swift in Sources */ = {isa = PBXBuildFile; fileRef = 8905D6B421BE3B55004BF7CE /* AppDelegate.swift */; };
		8905D6B721BE3B55004BF7CE /* ViewController.swift in Sources */ = {isa = PBXBuildFile; fileRef = 8905D6B621BE3B55004BF7CE /* ViewController.swift */; };
		8905D6BA21BE3B55004BF7CE /* Main.storyboard in Resources */ = {isa = PBXBuildFile; fileRef = 8905D6B821BE3B55004BF7CE /* Main.storyboard */; };
		8905D6BC21BE3B57004BF7CE /* Assets.xcassets in Resources */ = {isa = PBXBuildFile; fileRef = 8905D6BB21BE3B57004BF7CE /* Assets.xcassets */; };
		8905D6BF21BE3B57004BF7CE /* LaunchScreen.storyboard in Resources */ = {isa = PBXBuildFile; fileRef = 8905D6BD21BE3B57004BF7CE /* LaunchScreen.storyboard */; };
		8905D6CA21BE3B58004BF7CE /* TwitterAssignmentTests.swift in Sources */ = {isa = PBXBuildFile; fileRef = 8905D6C921BE3B58004BF7CE /* TwitterAssignmentTests.swift */; };
		8905D6D521BE6A11004BF7CE /* SafariServices.framework in Frameworks */ = {isa = PBXBuildFile; fileRef = 8905D6D421BE6A11004BF7CE /* SafariServices.framework */; };
		8905D6DD21BF907D004BF7CE /* FHSStream.m in Sources */ = {isa = PBXBuildFile; fileRef = 8905D6DA21BF907C004BF7CE /* FHSStream.m */; };
		8905D6DE21BF907D004BF7CE /* FHSTwitterEngine.m in Sources */ = {isa = PBXBuildFile; fileRef = 8905D6DC21BF907D004BF7CE /* FHSTwitterEngine.m */; };
		B25CA2BBA30154553A2BFBD8 /* Pods_TwitterAssignment.framework in Frameworks */ = {isa = PBXBuildFile; fileRef = BA3C8D41008C5FB76025B32F /* Pods_TwitterAssignment.framework */; };
		BE200ACD8B903591D61B7BCE /* Pods_TwitterAssignmentTests.framework in Frameworks */ = {isa = PBXBuildFile; fileRef = D4A40AE9A1CC8628A67FE0D6 /* Pods_TwitterAssignmentTests.framework */; };
/* End PBXBuildFile section */

/* Begin PBXContainerItemProxy section */
		8905D6C621BE3B58004BF7CE /* PBXContainerItemProxy */ = {
			isa = PBXContainerItemProxy;
			containerPortal = 8905D6A921BE3B54004BF7CE /* Project object */;
			proxyType = 1;
			remoteGlobalIDString = 8905D6B021BE3B54004BF7CE;
			remoteInfo = TwitterAssignment;
		};
/* End PBXContainerItemProxy section */

/* Begin PBXFileReference section */
		5050B61096803E86F58E9237 /* Pods-TwitterAssignment.debug.xcconfig */ = {isa = PBXFileReference; includeInIndex = 1; lastKnownFileType = text.xcconfig; name = "Pods-TwitterAssignment.debug.xcconfig"; path = "Pods/Target Support Files/Pods-TwitterAssignment/Pods-TwitterAssignment.debug.xcconfig"; sourceTree = "<group>"; };
		8905D6B121BE3B54004BF7CE /* TwitterAssignment.app */ = {isa = PBXFileReference; explicitFileType = wrapper.application; includeInIndex = 0; path = TwitterAssignment.app; sourceTree = BUILT_PRODUCTS_DIR; };
		8905D6B421BE3B55004BF7CE /* AppDelegate.swift */ = {isa = PBXFileReference; lastKnownFileType = sourcecode.swift; path = AppDelegate.swift; sourceTree = "<group>"; };
		8905D6B621BE3B55004BF7CE /* ViewController.swift */ = {isa = PBXFileReference; lastKnownFileType = sourcecode.swift; path = ViewController.swift; sourceTree = "<group>"; };
		8905D6B921BE3B55004BF7CE /* Base */ = {isa = PBXFileReference; lastKnownFileType = file.storyboard; name = Base; path = Base.lproj/Main.storyboard; sourceTree = "<group>"; };
		8905D6BB21BE3B57004BF7CE /* Assets.xcassets */ = {isa = PBXFileReference; lastKnownFileType = folder.assetcatalog; path = Assets.xcassets; sourceTree = "<group>"; };
		8905D6BE21BE3B57004BF7CE /* Base */ = {isa = PBXFileReference; lastKnownFileType = file.storyboard; name = Base; path = Base.lproj/LaunchScreen.storyboard; sourceTree = "<group>"; };
		8905D6C021BE3B57004BF7CE /* Info.plist */ = {isa = PBXFileReference; lastKnownFileType = text.plist.xml; path = Info.plist; sourceTree = "<group>"; };
		8905D6C521BE3B58004BF7CE /* TwitterAssignmentTests.xctest */ = {isa = PBXFileReference; explicitFileType = wrapper.cfbundle; includeInIndex = 0; path = TwitterAssignmentTests.xctest; sourceTree = BUILT_PRODUCTS_DIR; };
		8905D6C921BE3B58004BF7CE /* TwitterAssignmentTests.swift */ = {isa = PBXFileReference; lastKnownFileType = sourcecode.swift; path = TwitterAssignmentTests.swift; sourceTree = "<group>"; };
		8905D6CB21BE3B58004BF7CE /* Info.plist */ = {isa = PBXFileReference; lastKnownFileType = text.plist.xml; path = Info.plist; sourceTree = "<group>"; };
		8905D6D421BE6A11004BF7CE /* SafariServices.framework */ = {isa = PBXFileReference; lastKnownFileType = wrapper.framework; name = SafariServices.framework; path = System/Library/Frameworks/SafariServices.framework; sourceTree = SDKROOT; };
		8905D6D821BF9079004BF7CE /* TwitterAssignment-Bridging-Header.h */ = {isa = PBXFileReference; lastKnownFileType = sourcecode.c.h; path = "TwitterAssignment-Bridging-Header.h"; sourceTree = "<group>"; };
		8905D6D921BF907C004BF7CE /* FHSStream.h */ = {isa = PBXFileReference; fileEncoding = 4; lastKnownFileType = sourcecode.c.h; path = FHSStream.h; sourceTree = "<group>"; };
		8905D6DA21BF907C004BF7CE /* FHSStream.m */ = {isa = PBXFileReference; fileEncoding = 4; lastKnownFileType = sourcecode.c.objc; path = FHSStream.m; sourceTree = "<group>"; };
		8905D6DB21BF907D004BF7CE /* FHSTwitterEngine.h */ = {isa = PBXFileReference; fileEncoding = 4; lastKnownFileType = sourcecode.c.h; path = FHSTwitterEngine.h; sourceTree = "<group>"; };
		8905D6DC21BF907D004BF7CE /* FHSTwitterEngine.m */ = {isa = PBXFileReference; fileEncoding = 4; lastKnownFileType = sourcecode.c.objc; path = FHSTwitterEngine.m; sourceTree = "<group>"; };
		8CD68F060D39992D91A07E8F /* Pods-TwitterAssignmentTests.release.xcconfig */ = {isa = PBXFileReference; includeInIndex = 1; lastKnownFileType = text.xcconfig; name = "Pods-TwitterAssignmentTests.release.xcconfig"; path = "Pods/Target Support Files/Pods-TwitterAssignmentTests/Pods-TwitterAssignmentTests.release.xcconfig"; sourceTree = "<group>"; };
		ACBE4C297968268B642A647A /* Pods-TwitterAssignment.release.xcconfig */ = {isa = PBXFileReference; includeInIndex = 1; lastKnownFileType = text.xcconfig; name = "Pods-TwitterAssignment.release.xcconfig"; path = "Pods/Target Support Files/Pods-TwitterAssignment/Pods-TwitterAssignment.release.xcconfig"; sourceTree = "<group>"; };
		B67B739EBAAAFE230280D0FA /* Pods-TwitterAssignmentTests.debug.xcconfig */ = {isa = PBXFileReference; includeInIndex = 1; lastKnownFileType = text.xcconfig; name = "Pods-TwitterAssignmentTests.debug.xcconfig"; path = "Pods/Target Support Files/Pods-TwitterAssignmentTests/Pods-TwitterAssignmentTests.debug.xcconfig"; sourceTree = "<group>"; };
		BA3C8D41008C5FB76025B32F /* Pods_TwitterAssignment.framework */ = {isa = PBXFileReference; explicitFileType = wrapper.framework; includeInIndex = 0; path = Pods_TwitterAssignment.framework; sourceTree = BUILT_PRODUCTS_DIR; };
		D4A40AE9A1CC8628A67FE0D6 /* Pods_TwitterAssignmentTests.framework */ = {isa = PBXFileReference; explicitFileType = wrapper.framework; includeInIndex = 0; path = Pods_TwitterAssignmentTests.framework; sourceTree = BUILT_PRODUCTS_DIR; };
/* End PBXFileReference section */

/* Begin PBXFrameworksBuildPhase section */
		8905D6AE21BE3B54004BF7CE /* Frameworks */ = {
			isa = PBXFrameworksBuildPhase;
			buildActionMask = 2147483647;
			files = (
				8905D6D521BE6A11004BF7CE /* SafariServices.framework in Frameworks */,
				B25CA2BBA30154553A2BFBD8 /* Pods_TwitterAssignment.framework in Frameworks */,
			);
			runOnlyForDeploymentPostprocessing = 0;
		};
		8905D6C221BE3B58004BF7CE /* Frameworks */ = {
			isa = PBXFrameworksBuildPhase;
			buildActionMask = 2147483647;
			files = (
				BE200ACD8B903591D61B7BCE /* Pods_TwitterAssignmentTests.framework in Frameworks */,
			);
			runOnlyForDeploymentPostprocessing = 0;
		};
/* End PBXFrameworksBuildPhase section */

/* Begin PBXGroup section */
		8905D6A821BE3B54004BF7CE = {
			isa = PBXGroup;
			children = (
				8905D6B321BE3B55004BF7CE /* TwitterAssignment */,
				8905D6C821BE3B58004BF7CE /* TwitterAssignmentTests */,
				8905D6B221BE3B54004BF7CE /* Products */,
				F5C4F28D4F31AD17BED49104 /* Pods */,
				B6C9D961467E3394093D4593 /* Frameworks */,
			);
			sourceTree = "<group>";
		};
		8905D6B221BE3B54004BF7CE /* Products */ = {
			isa = PBXGroup;
			children = (
				8905D6B121BE3B54004BF7CE /* TwitterAssignment.app */,
				8905D6C521BE3B58004BF7CE /* TwitterAssignmentTests.xctest */,
			);
			name = Products;
			sourceTree = "<group>";
		};
		8905D6B321BE3B55004BF7CE /* TwitterAssignment */ = {
			isa = PBXGroup;
			children = (
				8905D6D721BF9056004BF7CE /* TwitterClasses */,
				8905D6B421BE3B55004BF7CE /* AppDelegate.swift */,
				8905D6B621BE3B55004BF7CE /* ViewController.swift */,
				8905D6B821BE3B55004BF7CE /* Main.storyboard */,
				8905D6BB21BE3B57004BF7CE /* Assets.xcassets */,
				8905D6BD21BE3B57004BF7CE /* LaunchScreen.storyboard */,
				8905D6C021BE3B57004BF7CE /* Info.plist */,
			);
			path = TwitterAssignment;
			sourceTree = "<group>";
		};
		8905D6C821BE3B58004BF7CE /* TwitterAssignmentTests */ = {
			isa = PBXGroup;
			children = (
				8905D6C921BE3B58004BF7CE /* TwitterAssignmentTests.swift */,
				8905D6CB21BE3B58004BF7CE /* Info.plist */,
			);
			path = TwitterAssignmentTests;
			sourceTree = "<group>";
		};
		8905D6D721BF9056004BF7CE /* TwitterClasses */ = {
			isa = PBXGroup;
			children = (
				8905D6D921BF907C004BF7CE /* FHSStream.h */,
				8905D6DA21BF907C004BF7CE /* FHSStream.m */,
				8905D6DB21BF907D004BF7CE /* FHSTwitterEngine.h */,
				8905D6DC21BF907D004BF7CE /* FHSTwitterEngine.m */,
				8905D6D821BF9079004BF7CE /* TwitterAssignment-Bridging-Header.h */,
			);
			path = TwitterClasses;
			sourceTree = "<group>";
		};
		B6C9D961467E3394093D4593 /* Frameworks */ = {
			isa = PBXGroup;
			children = (
				8905D6D421BE6A11004BF7CE /* SafariServices.framework */,
				BA3C8D41008C5FB76025B32F /* Pods_TwitterAssignment.framework */,
				D4A40AE9A1CC8628A67FE0D6 /* Pods_TwitterAssignmentTests.framework */,
			);
			name = Frameworks;
			sourceTree = "<group>";
		};
		F5C4F28D4F31AD17BED49104 /* Pods */ = {
			isa = PBXGroup;
			children = (
				5050B61096803E86F58E9237 /* Pods-TwitterAssignment.debug.xcconfig */,
				ACBE4C297968268B642A647A /* Pods-TwitterAssignment.release.xcconfig */,
				B67B739EBAAAFE230280D0FA /* Pods-TwitterAssignmentTests.debug.xcconfig */,
				8CD68F060D39992D91A07E8F /* Pods-TwitterAssignmentTests.release.xcconfig */,
			);
			name = Pods;
			sourceTree = "<group>";
		};
/* End PBXGroup section */

/* Begin PBXNativeTarget section */
		8905D6B021BE3B54004BF7CE /* TwitterAssignment */ = {
			isa = PBXNativeTarget;
			buildConfigurationList = 8905D6CE21BE3B58004BF7CE /* Build configuration list for PBXNativeTarget "TwitterAssignment" */;
			buildPhases = (
				A752178A00BCECE1B04B1EBE /* [CP] Check Pods Manifest.lock */,
				8905D6AD21BE3B54004BF7CE /* Sources */,
				8905D6AE21BE3B54004BF7CE /* Frameworks */,
				8905D6AF21BE3B54004BF7CE /* Resources */,
				2D5248C4333585047F0231BA /* [CP] Embed Pods Frameworks */,
				2266BB823DC73280E1E08B58 /* [CP] Copy Pods Resources */,
				8905D6D621BE8D90004BF7CE /* ShellScript */,
			);
			buildRules = (
			);
			dependencies = (
			);
			name = TwitterAssignment;
			productName = TwitterAssignment;
			productReference = 8905D6B121BE3B54004BF7CE /* TwitterAssignment.app */;
			productType = "com.apple.product-type.application";
		};
		8905D6C421BE3B58004BF7CE /* TwitterAssignmentTests */ = {
			isa = PBXNativeTarget;
			buildConfigurationList = 8905D6D121BE3B58004BF7CE /* Build configuration list for PBXNativeTarget "TwitterAssignmentTests" */;
			buildPhases = (
				CC90C2C9114C91D454D49B72 /* [CP] Check Pods Manifest.lock */,
				8905D6C121BE3B58004BF7CE /* Sources */,
				8905D6C221BE3B58004BF7CE /* Frameworks */,
				8905D6C321BE3B58004BF7CE /* Resources */,
			);
			buildRules = (
			);
			dependencies = (
				8905D6C721BE3B58004BF7CE /* PBXTargetDependency */,
			);
			name = TwitterAssignmentTests;
			productName = TwitterAssignmentTests;
			productReference = 8905D6C521BE3B58004BF7CE /* TwitterAssignmentTests.xctest */;
			productType = "com.apple.product-type.bundle.unit-test";
		};
/* End PBXNativeTarget section */

/* Begin PBXProject section */
		8905D6A921BE3B54004BF7CE /* Project object */ = {
			isa = PBXProject;
			attributes = {
				LastSwiftUpdateCheck = 1000;
				LastUpgradeCheck = 1000;
				ORGANIZATIONNAME = "Prashant G";
				TargetAttributes = {
					8905D6B021BE3B54004BF7CE = {
						CreatedOnToolsVersion = 10.0;
						LastSwiftMigration = 1000;
					};
					8905D6C421BE3B58004BF7CE = {
						CreatedOnToolsVersion = 10.0;
						TestTargetID = 8905D6B021BE3B54004BF7CE;
					};
				};
			};
			buildConfigurationList = 8905D6AC21BE3B54004BF7CE /* Build configuration list for PBXProject "TwitterAssignment" */;
			compatibilityVersion = "Xcode 9.3";
			developmentRegion = en;
			hasScannedForEncodings = 0;
			knownRegions = (
				en,
				Base,
			);
			mainGroup = 8905D6A821BE3B54004BF7CE;
			productRefGroup = 8905D6B221BE3B54004BF7CE /* Products */;
			projectDirPath = "";
			projectRoot = "";
			targets = (
				8905D6B021BE3B54004BF7CE /* TwitterAssignment */,
				8905D6C421BE3B58004BF7CE /* TwitterAssignmentTests */,
			);
		};
/* End PBXProject section */

/* Begin PBXResourcesBuildPhase section */
		8905D6AF21BE3B54004BF7CE /* Resources */ = {
			isa = PBXResourcesBuildPhase;
			buildActionMask = 2147483647;
			files = (
				8905D6BF21BE3B57004BF7CE /* LaunchScreen.storyboard in Resources */,
				8905D6BC21BE3B57004BF7CE /* Assets.xcassets in Resources */,
				8905D6BA21BE3B55004BF7CE /* Main.storyboard in Resources */,
			);
			runOnlyForDeploymentPostprocessing = 0;
		};
		8905D6C321BE3B58004BF7CE /* Resources */ = {
			isa = PBXResourcesBuildPhase;
			buildActionMask = 2147483647;
			files = (
			);
			runOnlyForDeploymentPostprocessing = 0;
		};
/* End PBXResourcesBuildPhase section */

/* Begin PBXShellScriptBuildPhase section */
		2266BB823DC73280E1E08B58 /* [CP] Copy Pods Resources */ = {
			isa = PBXShellScriptBuildPhase;
			buildActionMask = 2147483647;
			files = (
			);
			inputPaths = (
				"${SRCROOT}/Pods/Target Support Files/Pods-TwitterAssignment/Pods-TwitterAssignment-resources.sh",
				"${PODS_ROOT}/TwitterKit/iOS/TwitterKit.framework/TwitterKitResources.bundle",
			);
			name = "[CP] Copy Pods Resources";
			outputPaths = (
				"${TARGET_BUILD_DIR}/${UNLOCALIZED_RESOURCES_FOLDER_PATH}/TwitterKitResources.bundle",
			);
			runOnlyForDeploymentPostprocessing = 0;
			shellPath = /bin/sh;
			shellScript = "\"${SRCROOT}/Pods/Target Support Files/Pods-TwitterAssignment/Pods-TwitterAssignment-resources.sh\"\n";
			showEnvVarsInLog = 0;
		};
		2D5248C4333585047F0231BA /* [CP] Embed Pods Frameworks */ = {
			isa = PBXShellScriptBuildPhase;
			buildActionMask = 2147483647;
			files = (
			);
			inputPaths = (
				"${SRCROOT}/Pods/Target Support Files/Pods-TwitterAssignment/Pods-TwitterAssignment-frameworks.sh",
				"${PODS_ROOT}/TwitterCore/iOS/TwitterCore.framework",
				"${PODS_ROOT}/TwitterKit/iOS/TwitterKit.framework",
			);
			name = "[CP] Embed Pods Frameworks";
			outputPaths = (
				"${TARGET_BUILD_DIR}/${FRAMEWORKS_FOLDER_PATH}/TwitterCore.framework",
				"${TARGET_BUILD_DIR}/${FRAMEWORKS_FOLDER_PATH}/TwitterKit.framework",
			);
			runOnlyForDeploymentPostprocessing = 0;
			shellPath = /bin/sh;
			shellScript = "\"${SRCROOT}/Pods/Target Support Files/Pods-TwitterAssignment/Pods-TwitterAssignment-frameworks.sh\"\n";
			showEnvVarsInLog = 0;
		};
		8905D6D621BE8D90004BF7CE /* ShellScript */ = {
			isa = PBXShellScriptBuildPhase;
			buildActionMask = 2147483647;
			files = (
			);
			inputFileListPaths = (
			);
			inputPaths = (
			);
			outputFileListPaths = (
			);
			outputPaths = (
			);
			runOnlyForDeploymentPostprocessing = 0;
			shellPath = /bin/sh;
			shellScript = "\"${PODS_ROOT}/Fabric/run\" 205e8ab4ea85860c760a1de1af840d07708c6129 b1514414ba4dde1d252a15bf5a219ce6c82ef6ca8d52e016b844b77cf1a62832\n";
		};
		A752178A00BCECE1B04B1EBE /* [CP] Check Pods Manifest.lock */ = {
			isa = PBXShellScriptBuildPhase;
			buildActionMask = 2147483647;
			files = (
			);
			inputPaths = (
				"${PODS_PODFILE_DIR_PATH}/Podfile.lock",
				"${PODS_ROOT}/Manifest.lock",
			);
			name = "[CP] Check Pods Manifest.lock";
			outputPaths = (
				"$(DERIVED_FILE_DIR)/Pods-TwitterAssignment-checkManifestLockResult.txt",
			);
			runOnlyForDeploymentPostprocessing = 0;
			shellPath = /bin/sh;
			shellScript = "diff \"${PODS_PODFILE_DIR_PATH}/Podfile.lock\" \"${PODS_ROOT}/Manifest.lock\" > /dev/null\nif [ $? != 0 ] ; then\n    # print error to STDERR\n    echo \"error: The sandbox is not in sync with the Podfile.lock. Run 'pod install' or update your CocoaPods installation.\" >&2\n    exit 1\nfi\n# This output is used by Xcode 'outputs' to avoid re-running this script phase.\necho \"SUCCESS\" > \"${SCRIPT_OUTPUT_FILE_0}\"\n";
			showEnvVarsInLog = 0;
		};
		CC90C2C9114C91D454D49B72 /* [CP] Check Pods Manifest.lock */ = {
			isa = PBXShellScriptBuildPhase;
			buildActionMask = 2147483647;
			files = (
			);
			inputPaths = (
				"${PODS_PODFILE_DIR_PATH}/Podfile.lock",
				"${PODS_ROOT}/Manifest.lock",
			);
			name = "[CP] Check Pods Manifest.lock";
			outputPaths = (
				"$(DERIVED_FILE_DIR)/Pods-TwitterAssignmentTests-checkManifestLockResult.txt",
			);
			runOnlyForDeploymentPostprocessing = 0;
			shellPath = /bin/sh;
			shellScript = "diff \"${PODS_PODFILE_DIR_PATH}/Podfile.lock\" \"${PODS_ROOT}/Manifest.lock\" > /dev/null\nif [ $? != 0 ] ; then\n    # print error to STDERR\n    echo \"error: The sandbox is not in sync with the Podfile.lock. Run 'pod install' or update your CocoaPods installation.\" >&2\n    exit 1\nfi\n# This output is used by Xcode 'outputs' to avoid re-running this script phase.\necho \"SUCCESS\" > \"${SCRIPT_OUTPUT_FILE_0}\"\n";
			showEnvVarsInLog = 0;
		};
/* End PBXShellScriptBuildPhase section */

/* Begin PBXSourcesBuildPhase section */
		8905D6AD21BE3B54004BF7CE /* Sources */ = {
			isa = PBXSourcesBuildPhase;
			buildActionMask = 2147483647;
			files = (
				8905D6B721BE3B55004BF7CE /* ViewController.swift in Sources */,
				8905D6B521BE3B55004BF7CE /* AppDelegate.swift in Sources */,
				8905D6DD21BF907D004BF7CE /* FHSStream.m in Sources */,
				8905D6DE21BF907D004BF7CE /* FHSTwitterEngine.m in Sources */,
			);
			runOnlyForDeploymentPostprocessing = 0;
		};
		8905D6C121BE3B58004BF7CE /* Sources */ = {
			isa = PBXSourcesBuildPhase;
			buildActionMask = 2147483647;
			files = (
				8905D6CA21BE3B58004BF7CE /* TwitterAssignmentTests.swift in Sources */,
			);
			runOnlyForDeploymentPostprocessing = 0;
		};
/* End PBXSourcesBuildPhase section */

/* Begin PBXTargetDependency section */
		8905D6C721BE3B58004BF7CE /* PBXTargetDependency */ = {
			isa = PBXTargetDependency;
			target = 8905D6B021BE3B54004BF7CE /* TwitterAssignment */;
			targetProxy = 8905D6C621BE3B58004BF7CE /* PBXContainerItemProxy */;
		};
/* End PBXTargetDependency section */

/* Begin PBXVariantGroup section */
		8905D6B821BE3B55004BF7CE /* Main.storyboard */ = {
			isa = PBXVariantGroup;
			children = (
				8905D6B921BE3B55004BF7CE /* Base */,
			);
			name = Main.storyboard;
			sourceTree = "<group>";
		};
		8905D6BD21BE3B57004BF7CE /* LaunchScreen.storyboard */ = {
			isa = PBXVariantGroup;
			children = (
				8905D6BE21BE3B57004BF7CE /* Base */,
			);
			name = LaunchScreen.storyboard;
			sourceTree = "<group>";
		};
/* End PBXVariantGroup section */

/* Begin XCBuildConfiguration section */
		8905D6CC21BE3B58004BF7CE /* Debug */ = {
			isa = XCBuildConfiguration;
			buildSettings = {
				ALWAYS_SEARCH_USER_PATHS = NO;
				CLANG_ANALYZER_NONNULL = YES;
				CLANG_ANALYZER_NUMBER_OBJECT_CONVERSION = YES_AGGRESSIVE;
				CLANG_CXX_LANGUAGE_STANDARD = "gnu++14";
				CLANG_CXX_LIBRARY = "libc++";
				CLANG_ENABLE_MODULES = YES;
				CLANG_ENABLE_OBJC_ARC = YES;
				CLANG_ENABLE_OBJC_WEAK = YES;
				CLANG_WARN_BLOCK_CAPTURE_AUTORELEASING = YES;
				CLANG_WARN_BOOL_CONVERSION = YES;
				CLANG_WARN_COMMA = YES;
				CLANG_WARN_CONSTANT_CONVERSION = YES;
				CLANG_WARN_DEPRECATED_OBJC_IMPLEMENTATIONS = YES;
				CLANG_WARN_DIRECT_OBJC_ISA_USAGE = YES_ERROR;
				CLANG_WARN_DOCUMENTATION_COMMENTS = YES;
				CLANG_WARN_EMPTY_BODY = YES;
				CLANG_WARN_ENUM_CONVERSION = YES;
				CLANG_WARN_INFINITE_RECURSION = YES;
				CLANG_WARN_INT_CONVERSION = YES;
				CLANG_WARN_NON_LITERAL_NULL_CONVERSION = YES;
				CLANG_WARN_OBJC_IMPLICIT_RETAIN_SELF = YES;
				CLANG_WARN_OBJC_LITERAL_CONVERSION = YES;
				CLANG_WARN_OBJC_ROOT_CLASS = YES_ERROR;
				CLANG_WARN_RANGE_LOOP_ANALYSIS = YES;
				CLANG_WARN_STRICT_PROTOTYPES = YES;
				CLANG_WARN_SUSPICIOUS_MOVE = YES;
				CLANG_WARN_UNGUARDED_AVAILABILITY = YES_AGGRESSIVE;
				CLANG_WARN_UNREACHABLE_CODE = YES;
				CLANG_WARN__DUPLICATE_METHOD_MATCH = YES;
				CODE_SIGN_IDENTITY = "iPhone Developer";
				COPY_PHASE_STRIP = NO;
				DEBUG_INFORMATION_FORMAT = dwarf;
				ENABLE_STRICT_OBJC_MSGSEND = YES;
				ENABLE_TESTABILITY = YES;
				GCC_C_LANGUAGE_STANDARD = gnu11;
				GCC_DYNAMIC_NO_PIC = NO;
				GCC_NO_COMMON_BLOCKS = YES;
				GCC_OPTIMIZATION_LEVEL = 0;
				GCC_PREPROCESSOR_DEFINITIONS = (
					"DEBUG=1",
					"$(inherited)",
				);
				GCC_WARN_64_TO_32_BIT_CONVERSION = YES;
				GCC_WARN_ABOUT_RETURN_TYPE = YES_ERROR;
				GCC_WARN_UNDECLARED_SELECTOR = YES;
				GCC_WARN_UNINITIALIZED_AUTOS = YES_AGGRESSIVE;
				GCC_WARN_UNUSED_FUNCTION = YES;
				GCC_WARN_UNUSED_VARIABLE = YES;
				IPHONEOS_DEPLOYMENT_TARGET = 12.0;
				MTL_ENABLE_DEBUG_INFO = INCLUDE_SOURCE;
				MTL_FAST_MATH = YES;
				ONLY_ACTIVE_ARCH = YES;
				SDKROOT = iphoneos;
				SWIFT_ACTIVE_COMPILATION_CONDITIONS = DEBUG;
				SWIFT_OPTIMIZATION_LEVEL = "-Onone";
			};
			name = Debug;
		};
		8905D6CD21BE3B58004BF7CE /* Release */ = {
			isa = XCBuildConfiguration;
			buildSettings = {
				ALWAYS_SEARCH_USER_PATHS = NO;
				CLANG_ANALYZER_NONNULL = YES;
				CLANG_ANALYZER_NUMBER_OBJECT_CONVERSION = YES_AGGRESSIVE;
				CLANG_CXX_LANGUAGE_STANDARD = "gnu++14";
				CLANG_CXX_LIBRARY = "libc++";
				CLANG_ENABLE_MODULES = YES;
				CLANG_ENABLE_OBJC_ARC = YES;
				CLANG_ENABLE_OBJC_WEAK = YES;
				CLANG_WARN_BLOCK_CAPTURE_AUTORELEASING = YES;
				CLANG_WARN_BOOL_CONVERSION = YES;
				CLANG_WARN_COMMA = YES;
				CLANG_WARN_CONSTANT_CONVERSION = YES;
				CLANG_WARN_DEPRECATED_OBJC_IMPLEMENTATIONS = YES;
				CLANG_WARN_DIRECT_OBJC_ISA_USAGE = YES_ERROR;
				CLANG_WARN_DOCUMENTATION_COMMENTS = YES;
				CLANG_WARN_EMPTY_BODY = YES;
				CLANG_WARN_ENUM_CONVERSION = YES;
				CLANG_WARN_INFINITE_RECURSION = YES;
				CLANG_WARN_INT_CONVERSION = YES;
				CLANG_WARN_NON_LITERAL_NULL_CONVERSION = YES;
				CLANG_WARN_OBJC_IMPLICIT_RETAIN_SELF = YES;
				CLANG_WARN_OBJC_LITERAL_CONVERSION = YES;
				CLANG_WARN_OBJC_ROOT_CLASS = YES_ERROR;
				CLANG_WARN_RANGE_LOOP_ANALYSIS = YES;
				CLANG_WARN_STRICT_PROTOTYPES = YES;
				CLANG_WARN_SUSPICIOUS_MOVE = YES;
				CLANG_WARN_UNGUARDED_AVAILABILITY = YES_AGGRESSIVE;
				CLANG_WARN_UNREACHABLE_CODE = YES;
				CLANG_WARN__DUPLICATE_METHOD_MATCH = YES;
				CODE_SIGN_IDENTITY = "iPhone Developer";
				COPY_PHASE_STRIP = NO;
				DEBUG_INFORMATION_FORMAT = "dwarf-with-dsym";
				ENABLE_NS_ASSERTIONS = NO;
				ENABLE_STRICT_OBJC_MSGSEND = YES;
				GCC_C_LANGUAGE_STANDARD = gnu11;
				GCC_NO_COMMON_BLOCKS = YES;
				GCC_WARN_64_TO_32_BIT_CONVERSION = YES;
				GCC_WARN_ABOUT_RETURN_TYPE = YES_ERROR;
				GCC_WARN_UNDECLARED_SELECTOR = YES;
				GCC_WARN_UNINITIALIZED_AUTOS = YES_AGGRESSIVE;
				GCC_WARN_UNUSED_FUNCTION = YES;
				GCC_WARN_UNUSED_VARIABLE = YES;
				IPHONEOS_DEPLOYMENT_TARGET = 12.0;
				MTL_ENABLE_DEBUG_INFO = NO;
				MTL_FAST_MATH = YES;
				SDKROOT = iphoneos;
				SWIFT_COMPILATION_MODE = wholemodule;
				SWIFT_OPTIMIZATION_LEVEL = "-O";
				VALIDATE_PRODUCT = YES;
			};
			name = Release;
		};
		8905D6CF21BE3B58004BF7CE /* Debug */ = {
			isa = XCBuildConfiguration;
			baseConfigurationReference = 5050B61096803E86F58E9237 /* Pods-TwitterAssignment.debug.xcconfig */;
			buildSettings = {
				ASSETCATALOG_COMPILER_APPICON_NAME = AppIcon;
				CLANG_ENABLE_MODULES = YES;
				CODE_SIGN_IDENTITY = "iPhone Developer";
				CODE_SIGN_STYLE = Automatic;
				DEVELOPMENT_TEAM = H28X75MLUY;
				INFOPLIST_FILE = TwitterAssignment/Info.plist;
				IPHONEOS_DEPLOYMENT_TARGET = 11.0;
				LD_RUNPATH_SEARCH_PATHS = (
					"$(inherited)",
					"@executable_path/Frameworks",
				);
				PRODUCT_BUNDLE_IDENTIFIER = com.prashantg.TwitterAssignment;
				PRODUCT_NAME = "$(TARGET_NAME)";
				PROVISIONING_PROFILE_SPECIFIER = "";
				SWIFT_OBJC_BRIDGING_HEADER = "TwitterAssignment/TwitterClasses/TwitterAssignment-Bridging-Header.h";
				SWIFT_OPTIMIZATION_LEVEL = "-Onone";
				SWIFT_VERSION = 4.2;
				TARGETED_DEVICE_FAMILY = "1,2";
			};
			name = Debug;
		};
		8905D6D021BE3B58004BF7CE /* Release */ = {
			isa = XCBuildConfiguration;
			baseConfigurationReference = ACBE4C297968268B642A647A /* Pods-TwitterAssignment.release.xcconfig */;
			buildSettings = {
				ASSETCATALOG_COMPILER_APPICON_NAME = AppIcon;
				CLANG_ENABLE_MODULES = YES;
				CODE_SIGN_IDENTITY = "iPhone Developer";
				CODE_SIGN_STYLE = Automatic;
				DEVELOPMENT_TEAM = H28X75MLUY;
				INFOPLIST_FILE = TwitterAssignment/Info.plist;
				IPHONEOS_DEPLOYMENT_TARGET = 11.0;
				LD_RUNPATH_SEARCH_PATHS = (
					"$(inherited)",
					"@executable_path/Frameworks",
				);
				PRODUCT_BUNDLE_IDENTIFIER = com.prashantg.TwitterAssignment;
				PRODUCT_NAME = "$(TARGET_NAME)";
				PROVISIONING_PROFILE_SPECIFIER = "";
				SWIFT_OBJC_BRIDGING_HEADER = "TwitterAssignment/TwitterClasses/TwitterAssignment-Bridging-Header.h";
				SWIFT_VERSION = 4.2;
				TARGETED_DEVICE_FAMILY = "1,2";
			};
			name = Release;
		};
		8905D6D221BE3B58004BF7CE /* Debug */ = {
			isa = XCBuildConfiguration;
			baseConfigurationReference = B67B739EBAAAFE230280D0FA /* Pods-TwitterAssignmentTests.debug.xcconfig */;
			buildSettings = {
				ALWAYS_EMBED_SWIFT_STANDARD_LIBRARIES = YES;
				BUNDLE_LOADER = "$(TEST_HOST)";
				CODE_SIGN_STYLE = Automatic;
				INFOPLIST_FILE = TwitterAssignmentTests/Info.plist;
				LD_RUNPATH_SEARCH_PATHS = (
					"$(inherited)",
					"@executable_path/Frameworks",
					"@loader_path/Frameworks",
				);
				PRODUCT_BUNDLE_IDENTIFIER = com.prashantg.TwitterAssignmentTests;
				PRODUCT_NAME = "$(TARGET_NAME)";
				SWIFT_VERSION = 4.2;
				TARGETED_DEVICE_FAMILY = "1,2";
				TEST_HOST = "$(BUILT_PRODUCTS_DIR)/TwitterAssignment.app/TwitterAssignment";
			};
			name = Debug;
		};
		8905D6D321BE3B58004BF7CE /* Release */ = {
			isa = XCBuildConfiguration;
			baseConfigurationReference = 8CD68F060D39992D91A07E8F /* Pods-TwitterAssignmentTests.release.xcconfig */;
			buildSettings = {
				ALWAYS_EMBED_SWIFT_STANDARD_LIBRARIES = YES;
				BUNDLE_LOADER = "$(TEST_HOST)";
				CODE_SIGN_STYLE = Automatic;
				INFOPLIST_FILE = TwitterAssignmentTests/Info.plist;
				LD_RUNPATH_SEARCH_PATHS = (
					"$(inherited)",
					"@executable_path/Frameworks",
					"@loader_path/Frameworks",
				);
				PRODUCT_BUNDLE_IDENTIFIER = com.prashantg.TwitterAssignmentTests;
				PRODUCT_NAME = "$(TARGET_NAME)";
				SWIFT_VERSION = 4.2;
				TARGETED_DEVICE_FAMILY = "1,2";
				TEST_HOST = "$(BUILT_PRODUCTS_DIR)/TwitterAssignment.app/TwitterAssignment";
			};
			name = Release;
		};
/* End XCBuildConfiguration section */

/* Begin XCConfigurationList section */
		8905D6AC21BE3B54004BF7CE /* Build configuration list for PBXProject "TwitterAssignment" */ = {
			isa = XCConfigurationList;
			buildConfigurations = (
				8905D6CC21BE3B58004BF7CE /* Debug */,
				8905D6CD21BE3B58004BF7CE /* Release */,
			);
			defaultConfigurationIsVisible = 0;
			defaultConfigurationName = Release;
		};
		8905D6CE21BE3B58004BF7CE /* Build configuration list for PBXNativeTarget "TwitterAssignment" */ = {
			isa = XCConfigurationList;
			buildConfigurations = (
				8905D6CF21BE3B58004BF7CE /* Debug */,
				8905D6D021BE3B58004BF7CE /* Release */,
			);
			defaultConfigurationIsVisible = 0;
			defaultConfigurationName = Release;
		};
		8905D6D121BE3B58004BF7CE /* Build configuration list for PBXNativeTarget "TwitterAssignmentTests" */ = {
			isa = XCConfigurationList;
			buildConfigurations = (
				8905D6D221BE3B58004BF7CE /* Debug */,
				8905D6D321BE3B58004BF7CE /* Release */,
			);
			defaultConfigurationIsVisible = 0;
			defaultConfigurationName = Release;
		};
/* End XCConfigurationList section */
	};
	rootObject = 8905D6A921BE3B54004BF7CE /* Project object */;
}
